
Microsoft Visual Studio Solution File, Format Version 12.00
# Visual Studio Version 17
VisualStudioVersion = 17.2.32630.192
MinimumVisualStudioVersion = 10.0.40219.1
Project("{FAE04EC0-301F-11D3-BF4B-00C04F79EFBC}") = "wyklady", "wyklady.csproj", "{DFD9AAA7-DE23-4B22-B1EC-4674A65A55A6}"
EndProject
Global
	GlobalSection(SolutionConfigurationPlatforms) = preSolution
		Debug|Any CPU = Debug|Any CPU
		Release|Any CPU = Release|Any CPU
	EndGlobalSection
	GlobalSection(ProjectConfigurationPlatforms) = postSolution
		{DFD9AAA7-DE23-4B22-B1EC-4674A65A55A6}.Debug|Any CPU.ActiveCfg = Debug|Any CPU
		{DFD9AAA7-DE23-4B22-B1EC-4674A65A55A6}.Debug|Any CPU.Build.0 = Debug|Any CPU
		{DFD9AAA7-DE23-4B22-B1EC-4674A65A55A6}.Release|Any CPU.ActiveCfg = Release|Any CPU
		{DFD9AAA7-DE23-4B22-B1EC-4674A65A55A6}.Release|Any CPU.Build.0 = Release|Any CPU
	EndGlobalSection
	GlobalSection(SolutionProperties) = preSolution
		HideSolutionNode = FALSE
	EndGlobalSection
	GlobalSection(ExtensibilityGlobals) = postSolution
		SolutionGuid = {490F0FF4-BAC8-4265-B094-F0EDB043C0DB}
	EndGlobalSection
EndGlobal
