
Microsoft Visual Studio Solution File, Format Version 12.00
# Visual Studio Version 17
VisualStudioVersion = 17.3.32929.385
MinimumVisualStudioVersion = 10.0.40219.1
Project("{9A19103F-16F7-4668-BE54-9A1E7A4F7556}") = "gif-cli", "gif-cli.csproj", "{EFBE61B7-832B-40D2-8F16-2490EDBF2D0C}"
EndProject
Global
	GlobalSection(SolutionConfigurationPlatforms) = preSolution
		Debug|Any CPU = Debug|Any CPU
		Release|Any CPU = Release|Any CPU
	EndGlobalSection
	GlobalSection(ProjectConfigurationPlatforms) = postSolution
		{EFBE61B7-832B-40D2-8F16-2490EDBF2D0C}.Debug|Any CPU.ActiveCfg = Debug|Any CPU
		{EFBE61B7-832B-40D2-8F16-2490EDBF2D0C}.Debug|Any CPU.Build.0 = Debug|Any CPU
		{EFBE61B7-832B-40D2-8F16-2490EDBF2D0C}.Release|Any CPU.ActiveCfg = Release|Any CPU
		{EFBE61B7-832B-40D2-8F16-2490EDBF2D0C}.Release|Any CPU.Build.0 = Release|Any CPU
	EndGlobalSection
	GlobalSection(SolutionProperties) = preSolution
		HideSolutionNode = FALSE
	EndGlobalSection
	GlobalSection(ExtensibilityGlobals) = postSolution
		SolutionGuid = {60285D83-6EDB-4FDC-BAFE-BCFE7451B6F4}
	EndGlobalSection
EndGlobal
